// !$*UTF8*$!
{
	archiveVersion = 1;
	classes = {
	};
	objectVersion = 50;
	objects = {

/* Begin PBXBuildFile section */
		1BF0B38F5C832FB12FB12E69 /* Pods_CloudPhotosApp_CloudPhotosAppUITests.framework in Frameworks */ = {isa = PBXBuildFile; fileRef = 8F380C082493F8098C587DD7 /* Pods_CloudPhotosApp_CloudPhotosAppUITests.framework */; };
		48033A29AB7ABBDE53EA4A3F /* Pods_CloudPhotosApp.framework in Frameworks */ = {isa = PBXBuildFile; fileRef = D1098D233301512C2AC67EBB /* Pods_CloudPhotosApp.framework */; };
		AA333B0523A22205003235A3 /* GoogleService-Info.plist in Resources */ = {isa = PBXBuildFile; fileRef = AA333B0423A22205003235A3 /* GoogleService-Info.plist */; };
		AA333B0623A22205003235A3 /* GoogleService-Info.plist in Resources */ = {isa = PBXBuildFile; fileRef = AA333B0423A22205003235A3 /* GoogleService-Info.plist */; };
		AA333B0723A22205003235A3 /* GoogleService-Info.plist in Resources */ = {isa = PBXBuildFile; fileRef = AA333B0423A22205003235A3 /* GoogleService-Info.plist */; };
		AA5E33D423A09F2400DF0E91 /* AppDelegate.swift in Sources */ = {isa = PBXBuildFile; fileRef = AA5E33D323A09F2400DF0E91 /* AppDelegate.swift */; };
		AA5E33D623A09F2400DF0E91 /* SceneDelegate.swift in Sources */ = {isa = PBXBuildFile; fileRef = AA5E33D523A09F2400DF0E91 /* SceneDelegate.swift */; };
		AA5E33DB23A09F2400DF0E91 /* Main.storyboard in Resources */ = {isa = PBXBuildFile; fileRef = AA5E33D923A09F2400DF0E91 /* Main.storyboard */; };
		AA5E33DE23A09F2400DF0E91 /* CloudPhotosApp.xcdatamodeld in Sources */ = {isa = PBXBuildFile; fileRef = AA5E33DC23A09F2400DF0E91 /* CloudPhotosApp.xcdatamodeld */; };
		AA5E33E023A09F2A00DF0E91 /* Assets.xcassets in Resources */ = {isa = PBXBuildFile; fileRef = AA5E33DF23A09F2A00DF0E91 /* Assets.xcassets */; };
		AA5E33E323A09F2A00DF0E91 /* LaunchScreen.storyboard in Resources */ = {isa = PBXBuildFile; fileRef = AA5E33E123A09F2A00DF0E91 /* LaunchScreen.storyboard */; };
		AA5E33EE23A09F2B00DF0E91 /* CloudPhotosAppTests.swift in Sources */ = {isa = PBXBuildFile; fileRef = AA5E33ED23A09F2B00DF0E91 /* CloudPhotosAppTests.swift */; };
		AA5E33F923A09F2B00DF0E91 /* CloudPhotosAppUITests.swift in Sources */ = {isa = PBXBuildFile; fileRef = AA5E33F823A09F2B00DF0E91 /* CloudPhotosAppUITests.swift */; };
		AAB559D523A206050048B2D6 /* ViewControllerV2.swift in Sources */ = {isa = PBXBuildFile; fileRef = AAB559D423A206050048B2D6 /* ViewControllerV2.swift */; };
		D89442A07FA3AC049831C8E4 /* Pods_CloudPhotosAppTests.framework in Frameworks */ = {isa = PBXBuildFile; fileRef = D76543CA368773137F902577 /* Pods_CloudPhotosAppTests.framework */; };
/* End PBXBuildFile section */

/* Begin PBXContainerItemProxy section */
		AA5E33EA23A09F2A00DF0E91 /* PBXContainerItemProxy */ = {
			isa = PBXContainerItemProxy;
			containerPortal = AA5E33C823A09F2400DF0E91 /* Project object */;
			proxyType = 1;
			remoteGlobalIDString = AA5E33CF23A09F2400DF0E91;
			remoteInfo = CloudPhotosApp;
		};
		AA5E33F523A09F2B00DF0E91 /* PBXContainerItemProxy */ = {
			isa = PBXContainerItemProxy;
			containerPortal = AA5E33C823A09F2400DF0E91 /* Project object */;
			proxyType = 1;
			remoteGlobalIDString = AA5E33CF23A09F2400DF0E91;
			remoteInfo = CloudPhotosApp;
		};
/* End PBXContainerItemProxy section */

/* Begin PBXFileReference section */
		0C6728F080DB6F92B9353F2A /* Pods-CloudPhotosApp.debug.xcconfig */ = {isa = PBXFileReference; includeInIndex = 1; lastKnownFileType = text.xcconfig; name = "Pods-CloudPhotosApp.debug.xcconfig"; path = "Target Support Files/Pods-CloudPhotosApp/Pods-CloudPhotosApp.debug.xcconfig"; sourceTree = "<group>"; };
		2B6FC087D6672435235D7EFF /* Pods-CloudPhotosApp-CloudPhotosAppUITests.debug.xcconfig */ = {isa = PBXFileReference; includeInIndex = 1; lastKnownFileType = text.xcconfig; name = "Pods-CloudPhotosApp-CloudPhotosAppUITests.debug.xcconfig"; path = "Target Support Files/Pods-CloudPhotosApp-CloudPhotosAppUITests/Pods-CloudPhotosApp-CloudPhotosAppUITests.debug.xcconfig"; sourceTree = "<group>"; };
		5FF3B384EBFA65106EA578E3 /* Pods-CloudPhotosApp-CloudPhotosAppUITests.release.xcconfig */ = {isa = PBXFileReference; includeInIndex = 1; lastKnownFileType = text.xcconfig; name = "Pods-CloudPhotosApp-CloudPhotosAppUITests.release.xcconfig"; path = "Target Support Files/Pods-CloudPhotosApp-CloudPhotosAppUITests/Pods-CloudPhotosApp-CloudPhotosAppUITests.release.xcconfig"; sourceTree = "<group>"; };
		8D78016B05A84D47C88BCB6C /* Pods-CloudPhotosAppTests.release.xcconfig */ = {isa = PBXFileReference; includeInIndex = 1; lastKnownFileType = text.xcconfig; name = "Pods-CloudPhotosAppTests.release.xcconfig"; path = "Target Support Files/Pods-CloudPhotosAppTests/Pods-CloudPhotosAppTests.release.xcconfig"; sourceTree = "<group>"; };
		8F380C082493F8098C587DD7 /* Pods_CloudPhotosApp_CloudPhotosAppUITests.framework */ = {isa = PBXFileReference; explicitFileType = wrapper.framework; includeInIndex = 0; path = Pods_CloudPhotosApp_CloudPhotosAppUITests.framework; sourceTree = BUILT_PRODUCTS_DIR; };
		AA333B0423A22205003235A3 /* GoogleService-Info.plist */ = {isa = PBXFileReference; fileEncoding = 4; lastKnownFileType = text.plist.xml; name = "GoogleService-Info.plist"; path = "../../../../../Desktop/GoogleService-Info.plist"; sourceTree = "<group>"; };
		AA5E33D023A09F2400DF0E91 /* CloudPhotosApp.app */ = {isa = PBXFileReference; explicitFileType = wrapper.application; includeInIndex = 0; path = CloudPhotosApp.app; sourceTree = BUILT_PRODUCTS_DIR; };
		AA5E33D323A09F2400DF0E91 /* AppDelegate.swift */ = {isa = PBXFileReference; lastKnownFileType = sourcecode.swift; path = AppDelegate.swift; sourceTree = "<group>"; };
		AA5E33D523A09F2400DF0E91 /* SceneDelegate.swift */ = {isa = PBXFileReference; lastKnownFileType = sourcecode.swift; path = SceneDelegate.swift; sourceTree = "<group>"; };
		AA5E33DA23A09F2400DF0E91 /* Base */ = {isa = PBXFileReference; lastKnownFileType = file.storyboard; name = Base; path = Base.lproj/Main.storyboard; sourceTree = "<group>"; };
		AA5E33DD23A09F2400DF0E91 /* CloudPhotosApp.xcdatamodel */ = {isa = PBXFileReference; lastKnownFileType = wrapper.xcdatamodel; path = CloudPhotosApp.xcdatamodel; sourceTree = "<group>"; };
		AA5E33DF23A09F2A00DF0E91 /* Assets.xcassets */ = {isa = PBXFileReference; lastKnownFileType = folder.assetcatalog; path = Assets.xcassets; sourceTree = "<group>"; };
		AA5E33E223A09F2A00DF0E91 /* Base */ = {isa = PBXFileReference; lastKnownFileType = file.storyboard; name = Base; path = Base.lproj/LaunchScreen.storyboard; sourceTree = "<group>"; };
		AA5E33E423A09F2A00DF0E91 /* Info.plist */ = {isa = PBXFileReference; lastKnownFileType = text.plist.xml; path = Info.plist; sourceTree = "<group>"; };
		AA5E33E923A09F2A00DF0E91 /* CloudPhotosAppTests.xctest */ = {isa = PBXFileReference; explicitFileType = wrapper.cfbundle; includeInIndex = 0; path = CloudPhotosAppTests.xctest; sourceTree = BUILT_PRODUCTS_DIR; };
		AA5E33ED23A09F2B00DF0E91 /* CloudPhotosAppTests.swift */ = {isa = PBXFileReference; lastKnownFileType = sourcecode.swift; path = CloudPhotosAppTests.swift; sourceTree = "<group>"; };
		AA5E33EF23A09F2B00DF0E91 /* Info.plist */ = {isa = PBXFileReference; lastKnownFileType = text.plist.xml; path = Info.plist; sourceTree = "<group>"; };
		AA5E33F423A09F2B00DF0E91 /* CloudPhotosAppUITests.xctest */ = {isa = PBXFileReference; explicitFileType = wrapper.cfbundle; includeInIndex = 0; path = CloudPhotosAppUITests.xctest; sourceTree = BUILT_PRODUCTS_DIR; };
		AA5E33F823A09F2B00DF0E91 /* CloudPhotosAppUITests.swift */ = {isa = PBXFileReference; lastKnownFileType = sourcecode.swift; path = CloudPhotosAppUITests.swift; sourceTree = "<group>"; };
		AA5E33FA23A09F2B00DF0E91 /* Info.plist */ = {isa = PBXFileReference; lastKnownFileType = text.plist.xml; path = Info.plist; sourceTree = "<group>"; };
		AA5E340623A0A09700DF0E91 /* CloudPhotosApp.entitlements */ = {isa = PBXFileReference; lastKnownFileType = text.plist.entitlements; path = CloudPhotosApp.entitlements; sourceTree = "<group>"; };
		AA5E340823A0A18500DF0E91 /* CloudKit.framework */ = {isa = PBXFileReference; lastKnownFileType = wrapper.framework; name = CloudKit.framework; path = System/Library/Frameworks/CloudKit.framework; sourceTree = SDKROOT; };
		AAB559D423A206050048B2D6 /* ViewControllerV2.swift */ = {isa = PBXFileReference; lastKnownFileType = sourcecode.swift; path = ViewControllerV2.swift; sourceTree = "<group>"; };
		CFAF5BFE92E9FD1CA422B94E /* Pods-CloudPhotosApp.release.xcconfig */ = {isa = PBXFileReference; includeInIndex = 1; lastKnownFileType = text.xcconfig; name = "Pods-CloudPhotosApp.release.xcconfig"; path = "Target Support Files/Pods-CloudPhotosApp/Pods-CloudPhotosApp.release.xcconfig"; sourceTree = "<group>"; };
		D1098D233301512C2AC67EBB /* Pods_CloudPhotosApp.framework */ = {isa = PBXFileReference; explicitFileType = wrapper.framework; includeInIndex = 0; path = Pods_CloudPhotosApp.framework; sourceTree = BUILT_PRODUCTS_DIR; };
		D76543CA368773137F902577 /* Pods_CloudPhotosAppTests.framework */ = {isa = PBXFileReference; explicitFileType = wrapper.framework; includeInIndex = 0; path = Pods_CloudPhotosAppTests.framework; sourceTree = BUILT_PRODUCTS_DIR; };
		EA703BBEE7B9D1DBBAE0C109 /* Pods-CloudPhotosAppTests.debug.xcconfig */ = {isa = PBXFileReference; includeInIndex = 1; lastKnownFileType = text.xcconfig; name = "Pods-CloudPhotosAppTests.debug.xcconfig"; path = "Target Support Files/Pods-CloudPhotosAppTests/Pods-CloudPhotosAppTests.debug.xcconfig"; sourceTree = "<group>"; };
/* End PBXFileReference section */

/* Begin PBXFrameworksBuildPhase section */
		AA5E33CD23A09F2400DF0E91 /* Frameworks */ = {
			isa = PBXFrameworksBuildPhase;
			buildActionMask = 2147483647;
			files = (
				48033A29AB7ABBDE53EA4A3F /* Pods_CloudPhotosApp.framework in Frameworks */,
			);
			runOnlyForDeploymentPostprocessing = 0;
		};
		AA5E33E623A09F2A00DF0E91 /* Frameworks */ = {
			isa = PBXFrameworksBuildPhase;
			buildActionMask = 2147483647;
			files = (
				D89442A07FA3AC049831C8E4 /* Pods_CloudPhotosAppTests.framework in Frameworks */,
			);
			runOnlyForDeploymentPostprocessing = 0;
		};
		AA5E33F123A09F2B00DF0E91 /* Frameworks */ = {
			isa = PBXFrameworksBuildPhase;
			buildActionMask = 2147483647;
			files = (
				1BF0B38F5C832FB12FB12E69 /* Pods_CloudPhotosApp_CloudPhotosAppUITests.framework in Frameworks */,
			);
			runOnlyForDeploymentPostprocessing = 0;
		};
/* End PBXFrameworksBuildPhase section */

/* Begin PBXGroup section */
		6FA9A979796696202BACC2B2 /* Pods */ = {
			isa = PBXGroup;
			children = (
				0C6728F080DB6F92B9353F2A /* Pods-CloudPhotosApp.debug.xcconfig */,
				CFAF5BFE92E9FD1CA422B94E /* Pods-CloudPhotosApp.release.xcconfig */,
				2B6FC087D6672435235D7EFF /* Pods-CloudPhotosApp-CloudPhotosAppUITests.debug.xcconfig */,
				5FF3B384EBFA65106EA578E3 /* Pods-CloudPhotosApp-CloudPhotosAppUITests.release.xcconfig */,
				EA703BBEE7B9D1DBBAE0C109 /* Pods-CloudPhotosAppTests.debug.xcconfig */,
				8D78016B05A84D47C88BCB6C /* Pods-CloudPhotosAppTests.release.xcconfig */,
			);
			name = Pods;
			path = Pods;
			sourceTree = "<group>";
		};
		AA5E33C723A09F2400DF0E91 = {
			isa = PBXGroup;
			children = (
				AA5E33D223A09F2400DF0E91 /* CloudPhotosApp */,
				AA5E33EC23A09F2B00DF0E91 /* CloudPhotosAppTests */,
				AA5E33F723A09F2B00DF0E91 /* CloudPhotosAppUITests */,
				AA5E33D123A09F2400DF0E91 /* Products */,
				AA5E340723A0A18500DF0E91 /* Frameworks */,
				6FA9A979796696202BACC2B2 /* Pods */,
			);
			sourceTree = "<group>";
		};
		AA5E33D123A09F2400DF0E91 /* Products */ = {
			isa = PBXGroup;
			children = (
				AA5E33D023A09F2400DF0E91 /* CloudPhotosApp.app */,
				AA5E33E923A09F2A00DF0E91 /* CloudPhotosAppTests.xctest */,
				AA5E33F423A09F2B00DF0E91 /* CloudPhotosAppUITests.xctest */,
			);
			name = Products;
			sourceTree = "<group>";
		};
		AA5E33D223A09F2400DF0E91 /* CloudPhotosApp */ = {
			isa = PBXGroup;
			children = (
				AA5E340623A0A09700DF0E91 /* CloudPhotosApp.entitlements */,
				AA5E33D323A09F2400DF0E91 /* AppDelegate.swift */,
				AA5E33D523A09F2400DF0E91 /* SceneDelegate.swift */,
				AAB559D423A206050048B2D6 /* ViewControllerV2.swift */,
				AA5E33D923A09F2400DF0E91 /* Main.storyboard */,
				AA5E33DF23A09F2A00DF0E91 /* Assets.xcassets */,
				AA5E33E123A09F2A00DF0E91 /* LaunchScreen.storyboard */,
				AA5E33E423A09F2A00DF0E91 /* Info.plist */,
				AA333B0423A22205003235A3 /* GoogleService-Info.plist */,
				AA5E33DC23A09F2400DF0E91 /* CloudPhotosApp.xcdatamodeld */,
			);
			path = CloudPhotosApp;
			sourceTree = "<group>";
		};
		AA5E33EC23A09F2B00DF0E91 /* CloudPhotosAppTests */ = {
			isa = PBXGroup;
			children = (
				AA5E33ED23A09F2B00DF0E91 /* CloudPhotosAppTests.swift */,
				AA5E33EF23A09F2B00DF0E91 /* Info.plist */,
			);
			path = CloudPhotosAppTests;
			sourceTree = "<group>";
		};
		AA5E33F723A09F2B00DF0E91 /* CloudPhotosAppUITests */ = {
			isa = PBXGroup;
			children = (
				AA5E33F823A09F2B00DF0E91 /* CloudPhotosAppUITests.swift */,
				AA5E33FA23A09F2B00DF0E91 /* Info.plist */,
			);
			path = CloudPhotosAppUITests;
			sourceTree = "<group>";
		};
		AA5E340723A0A18500DF0E91 /* Frameworks */ = {
			isa = PBXGroup;
			children = (
				AA5E340823A0A18500DF0E91 /* CloudKit.framework */,
				D1098D233301512C2AC67EBB /* Pods_CloudPhotosApp.framework */,
				8F380C082493F8098C587DD7 /* Pods_CloudPhotosApp_CloudPhotosAppUITests.framework */,
				D76543CA368773137F902577 /* Pods_CloudPhotosAppTests.framework */,
			);
			name = Frameworks;
			sourceTree = "<group>";
		};
/* End PBXGroup section */

/* Begin PBXNativeTarget section */
		AA5E33CF23A09F2400DF0E91 /* CloudPhotosApp */ = {
			isa = PBXNativeTarget;
			buildConfigurationList = AA5E33FD23A09F2B00DF0E91 /* Build configuration list for PBXNativeTarget "CloudPhotosApp" */;
			buildPhases = (
				165AD1796C694E58A305F6EB /* [CP] Check Pods Manifest.lock */,
				AA5E33CC23A09F2400DF0E91 /* Sources */,
				AA5E33CD23A09F2400DF0E91 /* Frameworks */,
				AA5E33CE23A09F2400DF0E91 /* Resources */,
				73F8891FDBE89FE66BDF4928 /* [CP] Embed Pods Frameworks */,
			);
			buildRules = (
			);
			dependencies = (
			);
			name = CloudPhotosApp;
			productName = CloudPhotosApp;
			productReference = AA5E33D023A09F2400DF0E91 /* CloudPhotosApp.app */;
			productType = "com.apple.product-type.application";
		};
		AA5E33E823A09F2A00DF0E91 /* CloudPhotosAppTests */ = {
			isa = PBXNativeTarget;
			buildConfigurationList = AA5E340023A09F2B00DF0E91 /* Build configuration list for PBXNativeTarget "CloudPhotosAppTests" */;
			buildPhases = (
				ED501DCB92C25020DCAE3914 /* [CP] Check Pods Manifest.lock */,
				AA5E33E523A09F2A00DF0E91 /* Sources */,
				AA5E33E623A09F2A00DF0E91 /* Frameworks */,
				AA5E33E723A09F2A00DF0E91 /* Resources */,
			);
			buildRules = (
			);
			dependencies = (
				AA5E33EB23A09F2A00DF0E91 /* PBXTargetDependency */,
			);
			name = CloudPhotosAppTests;
			productName = CloudPhotosAppTests;
			productReference = AA5E33E923A09F2A00DF0E91 /* CloudPhotosAppTests.xctest */;
			productType = "com.apple.product-type.bundle.unit-test";
		};
		AA5E33F323A09F2B00DF0E91 /* CloudPhotosAppUITests */ = {
			isa = PBXNativeTarget;
			buildConfigurationList = AA5E340323A09F2B00DF0E91 /* Build configuration list for PBXNativeTarget "CloudPhotosAppUITests" */;
			buildPhases = (
				6A2318A0A92B4BFB0564E076 /* [CP] Check Pods Manifest.lock */,
				AA5E33F023A09F2B00DF0E91 /* Sources */,
				AA5E33F123A09F2B00DF0E91 /* Frameworks */,
				AA5E33F223A09F2B00DF0E91 /* Resources */,
				125B44FD6B18D7174BF2DBFC /* [CP] Embed Pods Frameworks */,
			);
			buildRules = (
			);
			dependencies = (
				AA5E33F623A09F2B00DF0E91 /* PBXTargetDependency */,
			);
			name = CloudPhotosAppUITests;
			productName = CloudPhotosAppUITests;
			productReference = AA5E33F423A09F2B00DF0E91 /* CloudPhotosAppUITests.xctest */;
			productType = "com.apple.product-type.bundle.ui-testing";
		};
/* End PBXNativeTarget section */

/* Begin PBXProject section */
		AA5E33C823A09F2400DF0E91 /* Project object */ = {
			isa = PBXProject;
			attributes = {
				LastSwiftUpdateCheck = 1120;
				LastUpgradeCheck = 1120;
				ORGANIZATIONNAME = "Mark Kriegsies";
				TargetAttributes = {
					AA5E33CF23A09F2400DF0E91 = {
						CreatedOnToolsVersion = 11.2.1;
					};
					AA5E33E823A09F2A00DF0E91 = {
						CreatedOnToolsVersion = 11.2.1;
						TestTargetID = AA5E33CF23A09F2400DF0E91;
					};
					AA5E33F323A09F2B00DF0E91 = {
						CreatedOnToolsVersion = 11.2.1;
						TestTargetID = AA5E33CF23A09F2400DF0E91;
					};
				};
			};
			buildConfigurationList = AA5E33CB23A09F2400DF0E91 /* Build configuration list for PBXProject "CloudPhotosApp" */;
			compatibilityVersion = "Xcode 9.3";
			developmentRegion = en;
			hasScannedForEncodings = 0;
			knownRegions = (
				en,
				Base,
			);
			mainGroup = AA5E33C723A09F2400DF0E91;
			productRefGroup = AA5E33D123A09F2400DF0E91 /* Products */;
			projectDirPath = "";
			projectRoot = "";
			targets = (
				AA5E33CF23A09F2400DF0E91 /* CloudPhotosApp */,
				AA5E33E823A09F2A00DF0E91 /* CloudPhotosAppTests */,
				AA5E33F323A09F2B00DF0E91 /* CloudPhotosAppUITests */,
			);
		};
/* End PBXProject section */

/* Begin PBXResourcesBuildPhase section */
		AA5E33CE23A09F2400DF0E91 /* Resources */ = {
			isa = PBXResourcesBuildPhase;
			buildActionMask = 2147483647;
			files = (
				AA5E33E323A09F2A00DF0E91 /* LaunchScreen.storyboard in Resources */,
				AA333B0523A22205003235A3 /* GoogleService-Info.plist in Resources */,
				AA5E33E023A09F2A00DF0E91 /* Assets.xcassets in Resources */,
				AA5E33DB23A09F2400DF0E91 /* Main.storyboard in Resources */,
			);
			runOnlyForDeploymentPostprocessing = 0;
		};
		AA5E33E723A09F2A00DF0E91 /* Resources */ = {
			isa = PBXResourcesBuildPhase;
			buildActionMask = 2147483647;
			files = (
				AA333B0623A22205003235A3 /* GoogleService-Info.plist in Resources */,
			);
			runOnlyForDeploymentPostprocessing = 0;
		};
		AA5E33F223A09F2B00DF0E91 /* Resources */ = {
			isa = PBXResourcesBuildPhase;
			buildActionMask = 2147483647;
			files = (
				AA333B0723A22205003235A3 /* GoogleService-Info.plist in Resources */,
			);
			runOnlyForDeploymentPostprocessing = 0;
		};
/* End PBXResourcesBuildPhase section */

/* Begin PBXShellScriptBuildPhase section */
		125B44FD6B18D7174BF2DBFC /* [CP] Embed Pods Frameworks */ = {
			isa = PBXShellScriptBuildPhase;
			buildActionMask = 2147483647;
			files = (
			);
			inputFileListPaths = (
				"${PODS_ROOT}/Target Support Files/Pods-CloudPhotosApp-CloudPhotosAppUITests/Pods-CloudPhotosApp-CloudPhotosAppUITests-frameworks-${CONFIGURATION}-input-files.xcfilelist",
			);
			name = "[CP] Embed Pods Frameworks";
			outputFileListPaths = (
				"${PODS_ROOT}/Target Support Files/Pods-CloudPhotosApp-CloudPhotosAppUITests/Pods-CloudPhotosApp-CloudPhotosAppUITests-frameworks-${CONFIGURATION}-output-files.xcfilelist",
			);
			runOnlyForDeploymentPostprocessing = 0;
			shellPath = /bin/sh;
			shellScript = "\"${PODS_ROOT}/Target Support Files/Pods-CloudPhotosApp-CloudPhotosAppUITests/Pods-CloudPhotosApp-CloudPhotosAppUITests-frameworks.sh\"\n";
			showEnvVarsInLog = 0;
		};
		165AD1796C694E58A305F6EB /* [CP] Check Pods Manifest.lock */ = {
			isa = PBXShellScriptBuildPhase;
			buildActionMask = 2147483647;
			files = (
			);
			inputFileListPaths = (
			);
			inputPaths = (
				"${PODS_PODFILE_DIR_PATH}/Podfile.lock",
				"${PODS_ROOT}/Manifest.lock",
			);
			name = "[CP] Check Pods Manifest.lock";
			outputFileListPaths = (
			);
			outputPaths = (
				"$(DERIVED_FILE_DIR)/Pods-CloudPhotosApp-checkManifestLockResult.txt",
			);
			runOnlyForDeploymentPostprocessing = 0;
			shellPath = /bin/sh;
			shellScript = "diff \"${PODS_PODFILE_DIR_PATH}/Podfile.lock\" \"${PODS_ROOT}/Manifest.lock\" > /dev/null\nif [ $? != 0 ] ; then\n    # print error to STDERR\n    echo \"error: The sandbox is not in sync with the Podfile.lock. Run 'pod install' or update your CocoaPods installation.\" >&2\n    exit 1\nfi\n# This output is used by Xcode 'outputs' to avoid re-running this script phase.\necho \"SUCCESS\" > \"${SCRIPT_OUTPUT_FILE_0}\"\n";
			showEnvVarsInLog = 0;
		};
		6A2318A0A92B4BFB0564E076 /* [CP] Check Pods Manifest.lock */ = {
			isa = PBXShellScriptBuildPhase;
			buildActionMask = 2147483647;
			files = (
			);
			inputFileListPaths = (
			);
			inputPaths = (
				"${PODS_PODFILE_DIR_PATH}/Podfile.lock",
				"${PODS_ROOT}/Manifest.lock",
			);
			name = "[CP] Check Pods Manifest.lock";
			outputFileListPaths = (
			);
			outputPaths = (
				"$(DERIVED_FILE_DIR)/Pods-CloudPhotosApp-CloudPhotosAppUITests-checkManifestLockResult.txt",
			);
			runOnlyForDeploymentPostprocessing = 0;
			shellPath = /bin/sh;
			shellScript = "diff \"${PODS_PODFILE_DIR_PATH}/Podfile.lock\" \"${PODS_ROOT}/Manifest.lock\" > /dev/null\nif [ $? != 0 ] ; then\n    # print error to STDERR\n    echo \"error: The sandbox is not in sync with the Podfile.lock. Run 'pod install' or update your CocoaPods installation.\" >&2\n    exit 1\nfi\n# This output is used by Xcode 'outputs' to avoid re-running this script phase.\necho \"SUCCESS\" > \"${SCRIPT_OUTPUT_FILE_0}\"\n";
			showEnvVarsInLog = 0;
		};
		73F8891FDBE89FE66BDF4928 /* [CP] Embed Pods Frameworks */ = {
			isa = PBXShellScriptBuildPhase;
			buildActionMask = 2147483647;
			files = (
			);
			inputFileListPaths = (
				"${PODS_ROOT}/Target Support Files/Pods-CloudPhotosApp/Pods-CloudPhotosApp-frameworks-${CONFIGURATION}-input-files.xcfilelist",
			);
			name = "[CP] Embed Pods Frameworks";
			outputFileListPaths = (
				"${PODS_ROOT}/Target Support Files/Pods-CloudPhotosApp/Pods-CloudPhotosApp-frameworks-${CONFIGURATION}-output-files.xcfilelist",
			);
			runOnlyForDeploymentPostprocessing = 0;
			shellPath = /bin/sh;
			shellScript = "\"${PODS_ROOT}/Target Support Files/Pods-CloudPhotosApp/Pods-CloudPhotosApp-frameworks.sh\"\n";
			showEnvVarsInLog = 0;
		};
		ED501DCB92C25020DCAE3914 /* [CP] Check Pods Manifest.lock */ = {
			isa = PBXShellScriptBuildPhase;
			buildActionMask = 2147483647;
			files = (
			);
			inputFileListPaths = (
			);
			inputPaths = (
				"${PODS_PODFILE_DIR_PATH}/Podfile.lock",
				"${PODS_ROOT}/Manifest.lock",
			);
			name = "[CP] Check Pods Manifest.lock";
			outputFileListPaths = (
			);
			outputPaths = (
				"$(DERIVED_FILE_DIR)/Pods-CloudPhotosAppTests-checkManifestLockResult.txt",
			);
			runOnlyForDeploymentPostprocessing = 0;
			shellPath = /bin/sh;
			shellScript = "diff \"${PODS_PODFILE_DIR_PATH}/Podfile.lock\" \"${PODS_ROOT}/Manifest.lock\" > /dev/null\nif [ $? != 0 ] ; then\n    # print error to STDERR\n    echo \"error: The sandbox is not in sync with the Podfile.lock. Run 'pod install' or update your CocoaPods installation.\" >&2\n    exit 1\nfi\n# This output is used by Xcode 'outputs' to avoid re-running this script phase.\necho \"SUCCESS\" > \"${SCRIPT_OUTPUT_FILE_0}\"\n";
			showEnvVarsInLog = 0;
		};
/* End PBXShellScriptBuildPhase section */

/* Begin PBXSourcesBuildPhase section */
		AA5E33CC23A09F2400DF0E91 /* Sources */ = {
			isa = PBXSourcesBuildPhase;
			buildActionMask = 2147483647;
			files = (
				AA5E33DE23A09F2400DF0E91 /* CloudPhotosApp.xcdatamodeld in Sources */,
				AA5E33D423A09F2400DF0E91 /* AppDelegate.swift in Sources */,
				AA5E33D623A09F2400DF0E91 /* SceneDelegate.swift in Sources */,
				AAB559D523A206050048B2D6 /* ViewControllerV2.swift in Sources */,
			);
			runOnlyForDeploymentPostprocessing = 0;
		};
		AA5E33E523A09F2A00DF0E91 /* Sources */ = {
			isa = PBXSourcesBuildPhase;
			buildActionMask = 2147483647;
			files = (
				AA5E33EE23A09F2B00DF0E91 /* CloudPhotosAppTests.swift in Sources */,
			);
			runOnlyForDeploymentPostprocessing = 0;
		};
		AA5E33F023A09F2B00DF0E91 /* Sources */ = {
			isa = PBXSourcesBuildPhase;
			buildActionMask = 2147483647;
			files = (
				AA5E33F923A09F2B00DF0E91 /* CloudPhotosAppUITests.swift in Sources */,
			);
			runOnlyForDeploymentPostprocessing = 0;
		};
/* End PBXSourcesBuildPhase section */

/* Begin PBXTargetDependency section */
		AA5E33EB23A09F2A00DF0E91 /* PBXTargetDependency */ = {
			isa = PBXTargetDependency;
			target = AA5E33CF23A09F2400DF0E91 /* CloudPhotosApp */;
			targetProxy = AA5E33EA23A09F2A00DF0E91 /* PBXContainerItemProxy */;
		};
		AA5E33F623A09F2B00DF0E91 /* PBXTargetDependency */ = {
			isa = PBXTargetDependency;
			target = AA5E33CF23A09F2400DF0E91 /* CloudPhotosApp */;
			targetProxy = AA5E33F523A09F2B00DF0E91 /* PBXContainerItemProxy */;
		};
/* End PBXTargetDependency section */

/* Begin PBXVariantGroup section */
		AA5E33D923A09F2400DF0E91 /* Main.storyboard */ = {
			isa = PBXVariantGroup;
			children = (
				AA5E33DA23A09F2400DF0E91 /* Base */,
			);
			name = Main.storyboard;
			sourceTree = "<group>";
		};
		AA5E33E123A09F2A00DF0E91 /* LaunchScreen.storyboard */ = {
			isa = PBXVariantGroup;
			children = (
				AA5E33E223A09F2A00DF0E91 /* Base */,
			);
			name = LaunchScreen.storyboard;
			sourceTree = "<group>";
		};
/* End PBXVariantGroup section */

/* Begin XCBuildConfiguration section */
		AA5E33FB23A09F2B00DF0E91 /* Debug */ = {
			isa = XCBuildConfiguration;
			buildSettings = {
				ALWAYS_SEARCH_USER_PATHS = NO;
				CLANG_ANALYZER_NONNULL = YES;
				CLANG_ANALYZER_NUMBER_OBJECT_CONVERSION = YES_AGGRESSIVE;
				CLANG_CXX_LANGUAGE_STANDARD = "gnu++14";
				CLANG_CXX_LIBRARY = "libc++";
				CLANG_ENABLE_MODULES = YES;
				CLANG_ENABLE_OBJC_ARC = YES;
				CLANG_ENABLE_OBJC_WEAK = YES;
				CLANG_WARN_BLOCK_CAPTURE_AUTORELEASING = YES;
				CLANG_WARN_BOOL_CONVERSION = YES;
				CLANG_WARN_COMMA = YES;
				CLANG_WARN_CONSTANT_CONVERSION = YES;
				CLANG_WARN_DEPRECATED_OBJC_IMPLEMENTATIONS = YES;
				CLANG_WARN_DIRECT_OBJC_ISA_USAGE = YES_ERROR;
				CLANG_WARN_DOCUMENTATION_COMMENTS = YES;
				CLANG_WARN_EMPTY_BODY = YES;
				CLANG_WARN_ENUM_CONVERSION = YES;
				CLANG_WARN_INFINITE_RECURSION = YES;
				CLANG_WARN_INT_CONVERSION = YES;
				CLANG_WARN_NON_LITERAL_NULL_CONVERSION = YES;
				CLANG_WARN_OBJC_IMPLICIT_RETAIN_SELF = YES;
				CLANG_WARN_OBJC_LITERAL_CONVERSION = YES;
				CLANG_WARN_OBJC_ROOT_CLASS = YES_ERROR;
				CLANG_WARN_RANGE_LOOP_ANALYSIS = YES;
				CLANG_WARN_STRICT_PROTOTYPES = YES;
				CLANG_WARN_SUSPICIOUS_MOVE = YES;
				CLANG_WARN_UNGUARDED_AVAILABILITY = YES_AGGRESSIVE;
				CLANG_WARN_UNREACHABLE_CODE = YES;
				CLANG_WARN__DUPLICATE_METHOD_MATCH = YES;
				COPY_PHASE_STRIP = NO;
				DEBUG_INFORMATION_FORMAT = dwarf;
				ENABLE_STRICT_OBJC_MSGSEND = YES;
				ENABLE_TESTABILITY = YES;
				GCC_C_LANGUAGE_STANDARD = gnu11;
				GCC_DYNAMIC_NO_PIC = NO;
				GCC_NO_COMMON_BLOCKS = YES;
				GCC_OPTIMIZATION_LEVEL = 0;
				GCC_PREPROCESSOR_DEFINITIONS = (
					"DEBUG=1",
					"$(inherited)",
				);
				GCC_WARN_64_TO_32_BIT_CONVERSION = YES;
				GCC_WARN_ABOUT_RETURN_TYPE = YES_ERROR;
				GCC_WARN_UNDECLARED_SELECTOR = YES;
				GCC_WARN_UNINITIALIZED_AUTOS = YES_AGGRESSIVE;
				GCC_WARN_UNUSED_FUNCTION = YES;
				GCC_WARN_UNUSED_VARIABLE = YES;
				IPHONEOS_DEPLOYMENT_TARGET = 13.2;
				MTL_ENABLE_DEBUG_INFO = INCLUDE_SOURCE;
				MTL_FAST_MATH = YES;
				ONLY_ACTIVE_ARCH = YES;
				SDKROOT = iphoneos;
				SWIFT_ACTIVE_COMPILATION_CONDITIONS = DEBUG;
				SWIFT_OPTIMIZATION_LEVEL = "-Onone";
			};
			name = Debug;
		};
		AA5E33FC23A09F2B00DF0E91 /* Release */ = {
			isa = XCBuildConfiguration;
			buildSettings = {
				ALWAYS_SEARCH_USER_PATHS = NO;
				CLANG_ANALYZER_NONNULL = YES;
				CLANG_ANALYZER_NUMBER_OBJECT_CONVERSION = YES_AGGRESSIVE;
				CLANG_CXX_LANGUAGE_STANDARD = "gnu++14";
				CLANG_CXX_LIBRARY = "libc++";
				CLANG_ENABLE_MODULES = YES;
				CLANG_ENABLE_OBJC_ARC = YES;
				CLANG_ENABLE_OBJC_WEAK = YES;
				CLANG_WARN_BLOCK_CAPTURE_AUTORELEASING = YES;
				CLANG_WARN_BOOL_CONVERSION = YES;
				CLANG_WARN_COMMA = YES;
				CLANG_WARN_CONSTANT_CONVERSION = YES;
				CLANG_WARN_DEPRECATED_OBJC_IMPLEMENTATIONS = YES;
				CLANG_WARN_DIRECT_OBJC_ISA_USAGE = YES_ERROR;
				CLANG_WARN_DOCUMENTATION_COMMENTS = YES;
				CLANG_WARN_EMPTY_BODY = YES;
				CLANG_WARN_ENUM_CONVERSION = YES;
				CLANG_WARN_INFINITE_RECURSION = YES;
				CLANG_WARN_INT_CONVERSION = YES;
				CLANG_WARN_NON_LITERAL_NULL_CONVERSION = YES;
				CLANG_WARN_OBJC_IMPLICIT_RETAIN_SELF = YES;
				CLANG_WARN_OBJC_LITERAL_CONVERSION = YES;
				CLANG_WARN_OBJC_ROOT_CLASS = YES_ERROR;
				CLANG_WARN_RANGE_LOOP_ANALYSIS = YES;
				CLANG_WARN_STRICT_PROTOTYPES = YES;
				CLANG_WARN_SUSPICIOUS_MOVE = YES;
				CLANG_WARN_UNGUARDED_AVAILABILITY = YES_AGGRESSIVE;
				CLANG_WARN_UNREACHABLE_CODE = YES;
				CLANG_WARN__DUPLICATE_METHOD_MATCH = YES;
				COPY_PHASE_STRIP = NO;
				DEBUG_INFORMATION_FORMAT = "dwarf-with-dsym";
				ENABLE_NS_ASSERTIONS = NO;
				ENABLE_STRICT_OBJC_MSGSEND = YES;
				GCC_C_LANGUAGE_STANDARD = gnu11;
				GCC_NO_COMMON_BLOCKS = YES;
				GCC_WARN_64_TO_32_BIT_CONVERSION = YES;
				GCC_WARN_ABOUT_RETURN_TYPE = YES_ERROR;
				GCC_WARN_UNDECLARED_SELECTOR = YES;
				GCC_WARN_UNINITIALIZED_AUTOS = YES_AGGRESSIVE;
				GCC_WARN_UNUSED_FUNCTION = YES;
				GCC_WARN_UNUSED_VARIABLE = YES;
				IPHONEOS_DEPLOYMENT_TARGET = 13.2;
				MTL_ENABLE_DEBUG_INFO = NO;
				MTL_FAST_MATH = YES;
				SDKROOT = iphoneos;
				SWIFT_COMPILATION_MODE = wholemodule;
				SWIFT_OPTIMIZATION_LEVEL = "-O";
				VALIDATE_PRODUCT = YES;
			};
			name = Release;
		};
		AA5E33FE23A09F2B00DF0E91 /* Debug */ = {
			isa = XCBuildConfiguration;
			baseConfigurationReference = 0C6728F080DB6F92B9353F2A /* Pods-CloudPhotosApp.debug.xcconfig */;
			buildSettings = {
				ASSETCATALOG_COMPILER_APPICON_NAME = AppIcon;
				CODE_SIGN_ENTITLEMENTS = CloudPhotosApp/CloudPhotosApp.entitlements;
				CODE_SIGN_IDENTITY = "Apple Development";
				CODE_SIGN_STYLE = Automatic;
				DEVELOPMENT_TEAM = LWG5U2QPAU;
				INFOPLIST_FILE = CloudPhotosApp/Info.plist;
				IPHONEOS_DEPLOYMENT_TARGET = 13.2;
				LD_RUNPATH_SEARCH_PATHS = (
					"$(inherited)",
					"@executable_path/Frameworks",
				);
				PRODUCT_BUNDLE_IDENTIFIER = markkriegsies.CloudPhotosApp;
				PRODUCT_NAME = "$(TARGET_NAME)";
				PROVISIONING_PROFILE_SPECIFIER = "";
				SWIFT_VERSION = 5.0;
				TARGETED_DEVICE_FAMILY = "1,2";
			};
			name = Debug;
		};
		AA5E33FF23A09F2B00DF0E91 /* Release */ = {
			isa = XCBuildConfiguration;
			baseConfigurationReference = CFAF5BFE92E9FD1CA422B94E /* Pods-CloudPhotosApp.release.xcconfig */;
			buildSettings = {
				ASSETCATALOG_COMPILER_APPICON_NAME = AppIcon;
				CODE_SIGN_ENTITLEMENTS = CloudPhotosApp/CloudPhotosApp.entitlements;
				CODE_SIGN_IDENTITY = "Apple Development";
				CODE_SIGN_STYLE = Automatic;
				DEVELOPMENT_TEAM = LWG5U2QPAU;
				INFOPLIST_FILE = CloudPhotosApp/Info.plist;
				IPHONEOS_DEPLOYMENT_TARGET = 13.2;
				LD_RUNPATH_SEARCH_PATHS = (
					"$(inherited)",
					"@executable_path/Frameworks",
				);
				PRODUCT_BUNDLE_IDENTIFIER = markkriegsies.CloudPhotosApp;
				PRODUCT_NAME = "$(TARGET_NAME)";
				PROVISIONING_PROFILE_SPECIFIER = "";
				SWIFT_VERSION = 5.0;
				TARGETED_DEVICE_FAMILY = "1,2";
			};
			name = Release;
		};
		AA5E340123A09F2B00DF0E91 /* Debug */ = {
			isa = XCBuildConfiguration;
			baseConfigurationReference = EA703BBEE7B9D1DBBAE0C109 /* Pods-CloudPhotosAppTests.debug.xcconfig */;
			buildSettings = {
				ALWAYS_EMBED_SWIFT_STANDARD_LIBRARIES = YES;
				BUNDLE_LOADER = "$(TEST_HOST)";
				CODE_SIGN_STYLE = Automatic;
				INFOPLIST_FILE = CloudPhotosAppTests/Info.plist;
				IPHONEOS_DEPLOYMENT_TARGET = 13.2;
				LD_RUNPATH_SEARCH_PATHS = (
					"$(inherited)",
					"@executable_path/Frameworks",
					"@loader_path/Frameworks",
				);
				PRODUCT_BUNDLE_IDENTIFIER = markkriegsies.CloudPhotosAppTests;
				PRODUCT_NAME = "$(TARGET_NAME)";
				SWIFT_VERSION = 5.0;
				TARGETED_DEVICE_FAMILY = "1,2";
				TEST_HOST = "$(BUILT_PRODUCTS_DIR)/CloudPhotosApp.app/CloudPhotosApp";
			};
			name = Debug;
		};
		AA5E340223A09F2B00DF0E91 /* Release */ = {
			isa = XCBuildConfiguration;
			baseConfigurationReference = 8D78016B05A84D47C88BCB6C /* Pods-CloudPhotosAppTests.release.xcconfig */;
			buildSettings = {
				ALWAYS_EMBED_SWIFT_STANDARD_LIBRARIES = YES;
				BUNDLE_LOADER = "$(TEST_HOST)";
				CODE_SIGN_STYLE = Automatic;
				INFOPLIST_FILE = CloudPhotosAppTests/Info.plist;
				IPHONEOS_DEPLOYMENT_TARGET = 13.2;
				LD_RUNPATH_SEARCH_PATHS = (
					"$(inherited)",
					"@executable_path/Frameworks",
					"@loader_path/Frameworks",
				);
				PRODUCT_BUNDLE_IDENTIFIER = markkriegsies.CloudPhotosAppTests;
				PRODUCT_NAME = "$(TARGET_NAME)";
				SWIFT_VERSION = 5.0;
				TARGETED_DEVICE_FAMILY = "1,2";
				TEST_HOST = "$(BUILT_PRODUCTS_DIR)/CloudPhotosApp.app/CloudPhotosApp";
			};
			name = Release;
		};
		AA5E340423A09F2B00DF0E91 /* Debug */ = {
			isa = XCBuildConfiguration;
			baseConfigurationReference = 2B6FC087D6672435235D7EFF /* Pods-CloudPhotosApp-CloudPhotosAppUITests.debug.xcconfig */;
			buildSettings = {
				ALWAYS_EMBED_SWIFT_STANDARD_LIBRARIES = YES;
				CODE_SIGN_STYLE = Automatic;
				INFOPLIST_FILE = CloudPhotosAppUITests/Info.plist;
				LD_RUNPATH_SEARCH_PATHS = (
					"$(inherited)",
					"@executable_path/Frameworks",
					"@loader_path/Frameworks",
				);
				PRODUCT_BUNDLE_IDENTIFIER = markkriegsies.CloudPhotosAppUITests;
				PRODUCT_NAME = "$(TARGET_NAME)";
				SWIFT_VERSION = 5.0;
				TARGETED_DEVICE_FAMILY = "1,2";
				TEST_TARGET_NAME = CloudPhotosApp;
			};
			name = Debug;
		};
		AA5E340523A09F2B00DF0E91 /* Release */ = {
			isa = XCBuildConfiguration;
			baseConfigurationReference = 5FF3B384EBFA65106EA578E3 /* Pods-CloudPhotosApp-CloudPhotosAppUITests.release.xcconfig */;
			buildSettings = {
				ALWAYS_EMBED_SWIFT_STANDARD_LIBRARIES = YES;
				CODE_SIGN_STYLE = Automatic;
				INFOPLIST_FILE = CloudPhotosAppUITests/Info.plist;
				LD_RUNPATH_SEARCH_PATHS = (
					"$(inherited)",
					"@executable_path/Frameworks",
					"@loader_path/Frameworks",
				);
				PRODUCT_BUNDLE_IDENTIFIER = markkriegsies.CloudPhotosAppUITests;
				PRODUCT_NAME = "$(TARGET_NAME)";
				SWIFT_VERSION = 5.0;
				TARGETED_DEVICE_FAMILY = "1,2";
				TEST_TARGET_NAME = CloudPhotosApp;
			};
			name = Release;
		};
/* End XCBuildConfiguration section */

/* Begin XCConfigurationList section */
		AA5E33CB23A09F2400DF0E91 /* Build configuration list for PBXProject "CloudPhotosApp" */ = {
			isa = XCConfigurationList;
			buildConfigurations = (
				AA5E33FB23A09F2B00DF0E91 /* Debug */,
				AA5E33FC23A09F2B00DF0E91 /* Release */,
			);
			defaultConfigurationIsVisible = 0;
			defaultConfigurationName = Release;
		};
		AA5E33FD23A09F2B00DF0E91 /* Build configuration list for PBXNativeTarget "CloudPhotosApp" */ = {
			isa = XCConfigurationList;
			buildConfigurations = (
				AA5E33FE23A09F2B00DF0E91 /* Debug */,
				AA5E33FF23A09F2B00DF0E91 /* Release */,
			);
			defaultConfigurationIsVisible = 0;
			defaultConfigurationName = Release;
		};
		AA5E340023A09F2B00DF0E91 /* Build configuration list for PBXNativeTarget "CloudPhotosAppTests" */ = {
			isa = XCConfigurationList;
			buildConfigurations = (
				AA5E340123A09F2B00DF0E91 /* Debug */,
				AA5E340223A09F2B00DF0E91 /* Release */,
			);
			defaultConfigurationIsVisible = 0;
			defaultConfigurationName = Release;
		};
		AA5E340323A09F2B00DF0E91 /* Build configuration list for PBXNativeTarget "CloudPhotosAppUITests" */ = {
			isa = XCConfigurationList;
			buildConfigurations = (
				AA5E340423A09F2B00DF0E91 /* Debug */,
				AA5E340523A09F2B00DF0E91 /* Release */,
			);
			defaultConfigurationIsVisible = 0;
			defaultConfigurationName = Release;
		};
/* End XCConfigurationList section */

/* Begin XCVersionGroup section */
		AA5E33DC23A09F2400DF0E91 /* CloudPhotosApp.xcdatamodeld */ = {
			isa = XCVersionGroup;
			children = (
				AA5E33DD23A09F2400DF0E91 /* CloudPhotosApp.xcdatamodel */,
			);
			currentVersion = AA5E33DD23A09F2400DF0E91 /* CloudPhotosApp.xcdatamodel */;
			path = CloudPhotosApp.xcdatamodeld;
			sourceTree = "<group>";
			versionGroupType = wrapper.xcdatamodel;
		};
/* End XCVersionGroup section */
	};
	rootObject = AA5E33C823A09F2400DF0E91 /* Project object */;
}
